
Microsoft Visual Studio Solution File, Format Version 12.00
# Visual Studio 14
VisualStudioVersion = 14.0.24720.0
MinimumVisualStudioVersion = 10.0.40219.1
Project("{FAE04EC0-301F-11D3-BF4B-00C04F79EFBC}") = "JSON", "JSON\JSON.csproj", "{A33E9FC9-5BF6-44D2-A8A0-7E40F388895C}"
EndProject
Global
	GlobalSection(SolutionConfigurationPlatforms) = preSolution
		Debug|Any CPU = Debug|Any CPU
		Release|Any CPU = Release|Any CPU
	EndGlobalSection
	GlobalSection(ProjectConfigurationPlatforms) = postSolution
		{A33E9FC9-5BF6-44D2-A8A0-7E40F388895C}.Debug|Any CPU.ActiveCfg = Debug|Any CPU
		{A33E9FC9-5BF6-44D2-A8A0-7E40F388895C}.Debug|Any CPU.Build.0 = Debug|Any CPU
		{A33E9FC9-5BF6-44D2-A8A0-7E40F388895C}.Release|Any CPU.ActiveCfg = Release|Any CPU
		{A33E9FC9-5BF6-44D2-A8A0-7E40F388895C}.Release|Any CPU.Build.0 = Release|Any CPU
	EndGlobalSection
	GlobalSection(SolutionProperties) = preSolution
		HideSolutionNode = FALSE
	EndGlobalSection
EndGlobal
